version = 1
revision = 3
requires-python = ">=3.14.2, <3.15"

[[package]]
name = "annotated-types"
version = "0.7.0"
source = { registry = "https://pypi.org/simple" }
sdist = { url = "https://files.pythonhosted.org/packages/ee/67/531ea369ba64dcff5ec9c3402f9f51bf748cec26dde048a2f973a4eea7f5/annotated_types-0.7.0.tar.gz", hash = "sha256:aff07c09a53a08bc8cfccb9c85b05f1aa9a2a6f23728d790723543408344ce89", size = 16081, upload-time = "2024-05-20T21:33:25.928Z" }
wheels = [
    { url = "https://files.pythonhosted.org/packages/78/b6/6307fbef88d9b5ee7421e68d78a9f162e0da4900bc5f5793f6d3d0e34fb8/annotated_types-0.7.0-py3-none-any.whl", hash = "sha256:1f02e8b43a8fbbc3f3e0d4f0f4bfc8131bcb4eebe8849b8e5c773f3a1c582a53", size = 13643, upload-time = "2024-05-20T21:33:24.1Z" },
]

[[package]]
name = "colorama"
version = "0.4.6"
source = { registry = "https://pypi.org/simple" }
sdist = { url = "https://files.pythonhosted.org/packages/d8/53/6f443c9a4a8358a93a6792e2acffb9d9d5cb0a5cfd8802644b7b1c9a02e4/colorama-0.4.6.tar.gz", hash = "sha256:08695f5cb7ed6e0531a20572697297273c47b8cae5a63ffc6d6ed5c201be6e44", size = 27697, upload-time = "2022-10-25T02:36:22.414Z" }
wheels = [
    { url = "https://files.pythonhosted.org/packages/d1/d6/3965ed04c63042e047cb6a3e6ed1a63a35087b6a609aa3a15ed8ac56c221/colorama-0.4.6-py2.py3-none-any.whl", hash = "sha256:4f1d9991f5acc0ca119f9d443620b77f9d6b33703e51011c16baf57afb285fc6", size = 25335, upload-time = "2022-10-25T02:36:20.889Z" },
]

[[package]]
name = "iniconfig"
version = "2.1.0"
source = { registry = "https://pypi.org/simple" }
sdist = { url = "https://files.pythonhosted.org/packages/f2/97/ebf4da567aa6827c909642694d71c9fcf53e5b504f2d96afea02718862f3/iniconfig-2.1.0.tar.gz", hash = "sha256:3abbd2e30b36733fee78f9c7f7308f2d0050e88f0087fd25c2645f63c773e1c7", size = 4793, upload-time = "2025-03-19T20:09:59.721Z" }
wheels = [
    { url = "https://files.pythonhosted.org/packages/2c/e1/e6716421ea10d38022b952c159d5161ca1193197fb744506875fbb87ea7b/iniconfig-2.1.0-py3-none-any.whl", hash = "sha256:9deba5723312380e77435581c6bf4935c94cbfab9b1ed33ef8d238ea168eb760", size = 6050, upload-time = "2025-03-19T20:10:01.071Z" },
]

[[package]]
name = "markdown-it-py"
version = "3.0.0"
source = { registry = "https://pypi.org/simple" }
dependencies = [
    { name = "mdurl" },
]
sdist = { url = "https://files.pythonhosted.org/packages/38/71/3b932df36c1a044d397a1f92d1cf91ee0a503d91e470cbd670aa66b07ed0/markdown-it-py-3.0.0.tar.gz", hash = "sha256:e3f60a94fa066dc52ec76661e37c851cb232d92f9886b15cb560aaada2df8feb", size = 74596, upload-time = "2023-06-03T06:41:14.443Z" }
wheels = [
    { url = "https://files.pythonhosted.org/packages/42/d7/1ec15b46af6af88f19b8e5ffea08fa375d433c998b8a7639e76935c14f1f/markdown_it_py-3.0.0-py3-none-any.whl", hash = "sha256:355216845c60bd96232cd8d8c40e8f9765cc86f46880e43a8fd22dc1a1a8cab1", size = 87528, upload-time = "2023-06-03T06:41:11.019Z" },
]

[[package]]
name = "mdurl"
version = "0.1.2"
source = { registry = "https://pypi.org/simple" }
sdist = { url = "https://files.pythonhosted.org/packages/d6/54/cfe61301667036ec958cb99bd3efefba235e65cdeb9c84d24a8293ba1d90/mdurl-0.1.2.tar.gz", hash = "sha256:bb413d29f5eea38f31dd4754dd7377d4465116fb207585f97bf925588687c1ba", size = 8729, upload-time = "2022-08-14T12:40:10.846Z" }
wheels = [
    { url = "https://files.pythonhosted.org/packages/b3/38/89ba8ad64ae25be8de66a6d463314cf1eb366222074cfda9ee839c56a4b4/mdurl-0.1.2-py3-none-any.whl", hash = "sha256:84008a41e51615a49fc9966191ff91509e3c40b939176e643fd50a5c2196b8f8", size = 9979, upload-time = "2022-08-14T12:40:09.779Z" },
]

[[package]]
name = "packaging"
version = "25.0"
source = { registry = "https://pypi.org/simple" }
sdist = { url = "https://files.pythonhosted.org/packages/a1/d4/1fc4078c65507b51b96ca8f8c3ba19e6a61c8253c72794544580a7b6c24d/packaging-25.0.tar.gz", hash = "sha256:d443872c98d677bf60f6a1f2f8c1cb748e8fe762d2bf9d3148b5599295b0fc4f", size = 165727, upload-time = "2025-04-19T11:48:59.673Z" }
wheels = [
    { url = "https://files.pythonhosted.org/packages/20/12/38679034af332785aac8774540895e234f4d07f7545804097de4b666afd8/packaging-25.0-py3-none-any.whl", hash = "sha256:29572ef2b1f17581046b3a2227d5c611fb25ec70ca1ba8554b24b0e69331a484", size = 66469, upload-time = "2025-04-19T11:48:57.875Z" },
]

[[package]]
name = "pluggy"
version = "1.6.0"
source = { registry = "https://pypi.org/simple" }
sdist = { url = "https://files.pythonhosted.org/packages/f9/e2/3e91f31a7d2b083fe6ef3fa267035b518369d9511ffab804f839851d2779/pluggy-1.6.0.tar.gz", hash = "sha256:7dcc130b76258d33b90f61b658791dede3486c3e6bfb003ee5c9bfb396dd22f3", size = 69412, upload-time = "2025-05-15T12:30:07.975Z" }
wheels = [
    { url = "https://files.pythonhosted.org/packages/54/20/4d324d65cc6d9205fabedc306948156824eb9f0ee1633355a8f7ec5c66bf/pluggy-1.6.0-py3-none-any.whl", hash = "sha256:e920276dd6813095e9377c0bc5566d94c932c33b27a3e3945d8389c374dd4746", size = 20538, upload-time = "2025-05-15T12:30:06.134Z" },
]

[[package]]
name = "prek"
version = "0.3.1"
source = { registry = "https://pypi.org/simple" }
sdist = { url = "https://files.pythonhosted.org/packages/76/62/4b91c8a343e21fcefabc569a91d08cf8756c554332521af78294acef7c27/prek-0.3.1.tar.gz", hash = "sha256:45abc4ffd3cb2d39c478f47e92e88f050e5a4b7a20915d78e54b1a3d3619ebe4", size = 323141, upload-time = "2026-01-31T13:25:58.128Z" }
wheels = [
    { url = "https://files.pythonhosted.org/packages/ab/c1/e0e545048e4190245fb4ae375d67684108518f3c69b67b81d62e1cd855c6/prek-0.3.1-py3-none-linux_armv6l.whl", hash = "sha256:1f77d0845cc63cad9c447f7f7d554c1ad188d07dbe02741823d20d58c7312eaf", size = 4285460, upload-time = "2026-01-31T13:25:42.066Z" },
    { url = "https://files.pythonhosted.org/packages/10/fe/7636d10e2dafdf2a4a927c989f32ce3f08e99d62ebad7563f0272e74b7f4/prek-0.3.1-py3-none-macosx_10_12_x86_64.whl", hash = "sha256:e21142300d139e8c7f3970dd8aa66391cb43cd17c0c4ee65ff1af48856bb6a4b", size = 4287085, upload-time = "2026-01-31T13:25:40.193Z" },
    { url = "https://files.pythonhosted.org/packages/a3/7f/62ed57340071e04c02057d64276ec3986baca3ad4759523e2f433dc9be55/prek-0.3.1-py3-none-macosx_11_0_arm64.whl", hash = "sha256:c09391de7d1994f9402c46cb31671800ea309b1668d839614965706206da3655", size = 3936188, upload-time = "2026-01-31T13:25:47.314Z" },
    { url = "https://files.pythonhosted.org/packages/6b/17/cb24f462c255f76d130ca110f4fcec09b041c3c770e43960cc3fc9dcc9ce/prek-0.3.1-py3-none-manylinux_2_17_aarch64.manylinux2014_aarch64.musllinux_1_1_aarch64.whl", hash = "sha256:a0b0a012ef6ef28dee019cf81a95c5759b2c03287c32c1f2adcb5f5fb097138e", size = 4275214, upload-time = "2026-01-31T13:25:38.053Z" },
    { url = "https://files.pythonhosted.org/packages/f2/85/db155b59d73cf972c8467e4d95def635f9976d5fcbcc790a4bbe9d2e049a/prek-0.3.1-py3-none-manylinux_2_17_armv7l.manylinux2014_armv7l.whl", hash = "sha256:f4a0e40785d39b8feae0d7ecf5534789811a2614114ab47f4e344a2ebd75ac10", size = 4197982, upload-time = "2026-01-31T13:25:50.034Z" },
    { url = "https://files.pythonhosted.org/packages/06/cf/d35c32436692928a9ca53eed3334e30148a60f0faa33c42e8d11b6028fa6/prek-0.3.1-py3-none-manylinux_2_17_i686.manylinux2014_i686.whl", hash = "sha256:ac5c2f5e377e3cc5a5ea191deb8255a5823fbaa01b424417fe18ff12c7c800f3", size = 4458572, upload-time = "2026-01-31T13:25:51.46Z" },
    { url = "https://files.pythonhosted.org/packages/b4/c0/eb36fecb21fe30baa72fb87ccf3a791c32932786c287f95f8972402e9245/prek-0.3.1-py3-none-manylinux_2_17_s390x.manylinux2014_s390x.whl", hash = "sha256:9fe70e97f4dfca57ce142caecd77b90a435abd1c855f9e96041078415d80e89a", size = 4999230, upload-time = "2026-01-31T13:25:44.055Z" },
    { url = "https://files.pythonhosted.org/packages/e4/f3/ad1a25ea16320e6acd1fedd6bd96a0d22526f5132d9b5adc045996ccca4c/prek-0.3.1-py3-none-manylinux_2_17_x86_64.manylinux2014_x86_64.whl", hash = "sha256:0b28e921d893771bdd7533cd94d46a10e0cf2855c5e6bf6809b598b5e45baa73", size = 4510376, upload-time = "2026-01-31T13:25:48.563Z" },
    { url = "https://files.pythonhosted.org/packages/39/b7/91afdd24be808ccf3b9119f4cf2bd6d02e30683143a62a08f432a3435861/prek-0.3.1-py3-none-manylinux_2_28_aarch64.whl", hash = "sha256:555610a53c4541976f4fe8602177ecd7a86a931dcb90a89e5826cfc4a6c8f2cb", size = 4273229, upload-time = "2026-01-31T13:25:56.362Z" },
    { url = "https://files.pythonhosted.org/packages/5a/bb/636c77c5c9fc5eadcc2af975a95b48eeeff2dc833021e222b0e9479b9b47/prek-0.3.1-py3-none-manylinux_2_31_riscv64.whl", hash = "sha256:663a15a31b705db5d01a1c9eb28c6ea417628e6cb68de2dc7b3016ca2f959a99", size = 4301166, upload-time = "2026-01-31T13:25:36.281Z" },
    { url = "https://files.pythonhosted.org/packages/4e/cf/c928a36173e71b21b252943404a5b3d1ddc1f08c9e0f1d7282a2c62c7325/prek-0.3.1-py3-none-musllinux_1_1_armv7l.whl", hash = "sha256:1d03fb5fa37177dc37ccbe474252473adcbde63287a63e9fa3d5745470f95bd8", size = 4188473, upload-time = "2026-01-31T13:25:53.341Z" },
    { url = "https://files.pythonhosted.org/packages/98/4c/af8f6a40cb094e88225514b89e8ae05ac69fc479d6b500e4b984f9ef8ae3/prek-0.3.1-py3-none-musllinux_1_1_i686.whl", hash = "sha256:3e20a5b704c06944dca9555a39f1de3622edc8ed2becaf8b3564925d1b7c1c0d", size = 4342239, upload-time = "2026-01-31T13:25:55.179Z" },
    { url = "https://files.pythonhosted.org/packages/b7/ba/6b0f725c0cf96182ab9622b4d122a01f04de9b2b6e4a6516874390218510/prek-0.3.1-py3-none-musllinux_1_1_x86_64.whl", hash = "sha256:6889acf0c9b0dd7b9cd3510ec36af10a739826d2b9de1e2d021ae6a9f130959a", size = 4618674, upload-time = "2026-01-31T13:25:59.175Z" },
    { url = "https://files.pythonhosted.org/packages/d8/49/caa320893640c9e72ed3d3e2bab7959faba54cefeea09be18c33d5f75baf/prek-0.3.1-py3-none-win32.whl", hash = "sha256:cc62a4bff79ed835d448098f0667c1a91915cec9cfac6c6246b675f0da46eded", size = 3928699, upload-time = "2026-01-31T13:25:33.168Z" },
    { url = "https://files.pythonhosted.org/packages/59/19/15907abe245ae9a120abcebb0c50c6d456ba719eb640f7c57e4f5b2f00e3/prek-0.3.1-py3-none-win_amd64.whl", hash = "sha256:3515140def20bab85e53585b0beb90d894ff2915d2fdb4451b6a4588e16516d8", size = 4296106, upload-time = "2026-01-31T13:25:45.606Z" },
    { url = "https://files.pythonhosted.org/packages/a6/5e/9b994b5de36d6aa5caaf09a018d8fe4820db46e4da577c2fd7a1e176b56c/prek-0.3.1-py3-none-win_arm64.whl", hash = "sha256:cfa58365eb36753cff684dc3b00196c1163bb135fe72c6a1c6ebb1a179f5dbdf", size = 4021714, upload-time = "2026-01-31T13:25:34.993Z" },
]

[[package]]
name = "pydantic"
version = "2.12.5"
source = { registry = "https://pypi.org/simple" }
dependencies = [
    { name = "annotated-types" },
    { name = "pydantic-core" },
    { name = "typing-extensions" },
    { name = "typing-inspection" },
]
sdist = { url = "https://files.pythonhosted.org/packages/69/44/36f1a6e523abc58ae5f928898e4aca2e0ea509b5aa6f6f392a5d882be928/pydantic-2.12.5.tar.gz", hash = "sha256:4d351024c75c0f085a9febbb665ce8c0c6ec5d30e903bdb6394b7ede26aebb49", size = 821591, upload-time = "2025-11-26T15:11:46.471Z" }
wheels = [
    { url = "https://files.pythonhosted.org/packages/5a/87/b70ad306ebb6f9b585f114d0ac2137d792b48be34d732d60e597c2f8465a/pydantic-2.12.5-py3-none-any.whl", hash = "sha256:e561593fccf61e8a20fc46dfc2dfe075b8be7d0188df33f221ad1f0139180f9d", size = 463580, upload-time = "2025-11-26T15:11:44.605Z" },
]

[[package]]
name = "pydantic-core"
version = "2.41.5"
source = { registry = "https://pypi.org/simple" }
dependencies = [
    { name = "typing-extensions" },
]
sdist = { url = "https://files.pythonhosted.org/packages/71/70/23b021c950c2addd24ec408e9ab05d59b035b39d97cdc1130e1bce647bb6/pydantic_core-2.41.5.tar.gz", hash = "sha256:08daa51ea16ad373ffd5e7606252cc32f07bc72b28284b6bc9c6df804816476e", size = 460952, upload-time = "2025-11-04T13:43:49.098Z" }
wheels = [
    { url = "https://files.pythonhosted.org/packages/ea/28/46b7c5c9635ae96ea0fbb779e271a38129df2550f763937659ee6c5dbc65/pydantic_core-2.41.5-cp314-cp314-macosx_10_12_x86_64.whl", hash = "sha256:3f37a19d7ebcdd20b96485056ba9e8b304e27d9904d233d7b1015db320e51f0a", size = 2119622, upload-time = "2025-11-04T13:40:56.68Z" },
    { url = "https://files.pythonhosted.org/packages/74/1a/145646e5687e8d9a1e8d09acb278c8535ebe9e972e1f162ed338a622f193/pydantic_core-2.41.5-cp314-cp314-macosx_11_0_arm64.whl", hash = "sha256:1d1d9764366c73f996edd17abb6d9d7649a7eb690006ab6adbda117717099b14", size = 1891725, upload-time = "2025-11-04T13:40:58.807Z" },
    { url = "https://files.pythonhosted.org/packages/23/04/e89c29e267b8060b40dca97bfc64a19b2a3cf99018167ea1677d96368273/pydantic_core-2.41.5-cp314-cp314-manylinux_2_17_aarch64.manylinux2014_aarch64.whl", hash = "sha256:25e1c2af0fce638d5f1988b686f3b3ea8cd7de5f244ca147c777769e798a9cd1", size = 1915040, upload-time = "2025-11-04T13:41:00.853Z" },
    { url = "https://files.pythonhosted.org/packages/84/a3/15a82ac7bd97992a82257f777b3583d3e84bdb06ba6858f745daa2ec8a85/pydantic_core-2.41.5-cp314-cp314-manylinux_2_17_armv7l.manylinux2014_armv7l.whl", hash = "sha256:506d766a8727beef16b7adaeb8ee6217c64fc813646b424d0804d67c16eddb66", size = 2063691, upload-time = "2025-11-04T13:41:03.504Z" },
    { url = "https://files.pythonhosted.org/packages/74/9b/0046701313c6ef08c0c1cf0e028c67c770a4e1275ca73131563c5f2a310a/pydantic_core-2.41.5-cp314-cp314-manylinux_2_17_ppc64le.manylinux2014_ppc64le.whl", hash = "sha256:4819fa52133c9aa3c387b3328f25c1facc356491e6135b459f1de698ff64d869", size = 2213897, upload-time = "2025-11-04T13:41:05.804Z" },
    { url = "https://files.pythonhosted.org/packages/8a/cd/6bac76ecd1b27e75a95ca3a9a559c643b3afcd2dd62086d4b7a32a18b169/pydantic_core-2.41.5-cp314-cp314-manylinux_2_17_s390x.manylinux2014_s390x.whl", hash = "sha256:2b761d210c9ea91feda40d25b4efe82a1707da2ef62901466a42492c028553a2", size = 2333302, upload-time = "2025-11-04T13:41:07.809Z" },
    { url = "https://files.pythonhosted.org/packages/4c/d2/ef2074dc020dd6e109611a8be4449b98cd25e1b9b8a303c2f0fca2f2bcf7/pydantic_core-2.41.5-cp314-cp314-manylinux_2_17_x86_64.manylinux2014_x86_64.whl", hash = "sha256:22f0fb8c1c583a3b6f24df2470833b40207e907b90c928cc8d3594b76f874375", size = 2064877, upload-time = "2025-11-04T13:41:09.827Z" },
    { url = "https://files.pythonhosted.org/packages/18/66/e9db17a9a763d72f03de903883c057b2592c09509ccfe468187f2a2eef29/pydantic_core-2.41.5-cp314-cp314-manylinux_2_5_i686.manylinux1_i686.whl", hash = "sha256:2782c870e99878c634505236d81e5443092fba820f0373997ff75f90f68cd553", size = 2180680, upload-time = "2025-11-04T13:41:12.379Z" },
    { url = "https://files.pythonhosted.org/packages/d3/9e/3ce66cebb929f3ced22be85d4c2399b8e85b622db77dad36b73c5387f8f8/pydantic_core-2.41.5-cp314-cp314-musllinux_1_1_aarch64.whl", hash = "sha256:0177272f88ab8312479336e1d777f6b124537d47f2123f89cb37e0accea97f90", size = 2138960, upload-time = "2025-11-04T13:41:14.627Z" },
    { url = "https://files.pythonhosted.org/packages/a6/62/205a998f4327d2079326b01abee48e502ea739d174f0a89295c481a2272e/pydantic_core-2.41.5-cp314-cp314-musllinux_1_1_armv7l.whl", hash = "sha256:63510af5e38f8955b8ee5687740d6ebf7c2a0886d15a6d65c32814613681bc07", size = 2339102, upload-time = "2025-11-04T13:41:16.868Z" },
    { url = "https://files.pythonhosted.org/packages/3c/0d/f05e79471e889d74d3d88f5bd20d0ed189ad94c2423d81ff8d0000aab4ff/pydantic_core-2.41.5-cp314-cp314-musllinux_1_1_x86_64.whl", hash = "sha256:e56ba91f47764cc14f1daacd723e3e82d1a89d783f0f5afe9c364b8bb491ccdb", size = 2326039, upload-time = "2025-11-04T13:41:18.934Z" },
    { url = "https://files.pythonhosted.org/packages/ec/e1/e08a6208bb100da7e0c4b288eed624a703f4d129bde2da475721a80cab32/pydantic_core-2.41.5-cp314-cp314-win32.whl", hash = "sha256:aec5cf2fd867b4ff45b9959f8b20ea3993fc93e63c7363fe6851424c8a7e7c23", size = 1995126, upload-time = "2025-11-04T13:41:21.418Z" },
    { url = "https://files.pythonhosted.org/packages/48/5d/56ba7b24e9557f99c9237e29f5c09913c81eeb2f3217e40e922353668092/pydantic_core-2.41.5-cp314-cp314-win_amd64.whl", hash = "sha256:8e7c86f27c585ef37c35e56a96363ab8de4e549a95512445b85c96d3e2f7c1bf", size = 2015489, upload-time = "2025-11-04T13:41:24.076Z" },
    { url = "https://files.pythonhosted.org/packages/4e/bb/f7a190991ec9e3e0ba22e4993d8755bbc4a32925c0b5b42775c03e8148f9/pydantic_core-2.41.5-cp314-cp314-win_arm64.whl", hash = "sha256:e672ba74fbc2dc8eea59fb6d4aed6845e6905fc2a8afe93175d94a83ba2a01a0", size = 1977288, upload-time = "2025-11-04T13:41:26.33Z" },
    { url = "https://files.pythonhosted.org/packages/92/ed/77542d0c51538e32e15afe7899d79efce4b81eee631d99850edc2f5e9349/pydantic_core-2.41.5-cp314-cp314t-macosx_10_12_x86_64.whl", hash = "sha256:8566def80554c3faa0e65ac30ab0932b9e3a5cd7f8323764303d468e5c37595a", size = 2120255, upload-time = "2025-11-04T13:41:28.569Z" },
    { url = "https://files.pythonhosted.org/packages/bb/3d/6913dde84d5be21e284439676168b28d8bbba5600d838b9dca99de0fad71/pydantic_core-2.41.5-cp314-cp314t-macosx_11_0_arm64.whl", hash = "sha256:b80aa5095cd3109962a298ce14110ae16b8c1aece8b72f9dafe81cf597ad80b3", size = 1863760, upload-time = "2025-11-04T13:41:31.055Z" },
    { url = "https://files.pythonhosted.org/packages/5a/f0/e5e6b99d4191da102f2b0eb9687aaa7f5bea5d9964071a84effc3e40f997/pydantic_core-2.41.5-cp314-cp314t-manylinux_2_17_aarch64.manylinux2014_aarch64.whl", hash = "sha256:3006c3dd9ba34b0c094c544c6006cc79e87d8612999f1a5d43b769b89181f23c", size = 1878092, upload-time = "2025-11-04T13:41:33.21Z" },
    { url = "https://files.pythonhosted.org/packages/71/48/36fb760642d568925953bcc8116455513d6e34c4beaa37544118c36aba6d/pydantic_core-2.41.5-cp314-cp314t-manylinux_2_17_armv7l.manylinux2014_armv7l.whl", hash = "sha256:72f6c8b11857a856bcfa48c86f5368439f74453563f951e473514579d44aa612", size = 2053385, upload-time = "2025-11-04T13:41:35.508Z" },
    { url = "https://files.pythonhosted.org/packages/20/25/92dc684dd8eb75a234bc1c764b4210cf2646479d54b47bf46061657292a8/pydantic_core-2.41.5-cp314-cp314t-manylinux_2_17_ppc64le.manylinux2014_ppc64le.whl", hash = "sha256:5cb1b2f9742240e4bb26b652a5aeb840aa4b417c7748b6f8387927bc6e45e40d", size = 2218832, upload-time = "2025-11-04T13:41:37.732Z" },
    { url = "https://files.pythonhosted.org/packages/e2/09/f53e0b05023d3e30357d82eb35835d0f6340ca344720a4599cd663dca599/pydantic_core-2.41.5-cp314-cp314t-manylinux_2_17_s390x.manylinux2014_s390x.whl", hash = "sha256:bd3d54f38609ff308209bd43acea66061494157703364ae40c951f83ba99a1a9", size = 2327585, upload-time = "2025-11-04T13:41:40Z" },
    { url = "https://files.pythonhosted.org/packages/aa/4e/2ae1aa85d6af35a39b236b1b1641de73f5a6ac4d5a7509f77b814885760c/pydantic_core-2.41.5-cp314-cp314t-manylinux_2_17_x86_64.manylinux2014_x86_64.whl", hash = "sha256:2ff4321e56e879ee8d2a879501c8e469414d948f4aba74a2d4593184eb326660", size = 2041078, upload-time = "2025-11-04T13:41:42.323Z" },
    { url = "https://files.pythonhosted.org/packages/cd/13/2e215f17f0ef326fc72afe94776edb77525142c693767fc347ed6288728d/pydantic_core-2.41.5-cp314-cp314t-manylinux_2_5_i686.manylinux1_i686.whl", hash = "sha256:d0d2568a8c11bf8225044aa94409e21da0cb09dcdafe9ecd10250b2baad531a9", size = 2173914, upload-time = "2025-11-04T13:41:45.221Z" },
    { url = "https://files.pythonhosted.org/packages/02/7a/f999a6dcbcd0e5660bc348a3991c8915ce6599f4f2c6ac22f01d7a10816c/pydantic_core-2.41.5-cp314-cp314t-musllinux_1_1_aarch64.whl", hash = "sha256:a39455728aabd58ceabb03c90e12f71fd30fa69615760a075b9fec596456ccc3", size = 2129560, upload-time = "2025-11-04T13:41:47.474Z" },
    { url = "https://files.pythonhosted.org/packages/3a/b1/6c990ac65e3b4c079a4fb9f5b05f5b013afa0f4ed6780a3dd236d2cbdc64/pydantic_core-2.41.5-cp314-cp314t-musllinux_1_1_armv7l.whl", hash = "sha256:239edca560d05757817c13dc17c50766136d21f7cd0fac50295499ae24f90fdf", size = 2329244, upload-time = "2025-11-04T13:41:49.992Z" },
    { url = "https://files.pythonhosted.org/packages/d9/02/3c562f3a51afd4d88fff8dffb1771b30cfdfd79befd9883ee094f5b6c0d8/pydantic_core-2.41.5-cp314-cp314t-musllinux_1_1_x86_64.whl", hash = "sha256:2a5e06546e19f24c6a96a129142a75cee553cc018ffee48a460059b1185f4470", size = 2331955, upload-time = "2025-11-04T13:41:54.079Z" },
    { url = "https://files.pythonhosted.org/packages/5c/96/5fb7d8c3c17bc8c62fdb031c47d77a1af698f1d7a406b0f79aaa1338f9ad/pydantic_core-2.41.5-cp314-cp314t-win32.whl", hash = "sha256:b4ececa40ac28afa90871c2cc2b9ffd2ff0bf749380fbdf57d165fd23da353aa", size = 1988906, upload-time = "2025-11-04T13:41:56.606Z" },
    { url = "https://files.pythonhosted.org/packages/22/ed/182129d83032702912c2e2d8bbe33c036f342cc735737064668585dac28f/pydantic_core-2.41.5-cp314-cp314t-win_amd64.whl", hash = "sha256:80aa89cad80b32a912a65332f64a4450ed00966111b6615ca6816153d3585a8c", size = 1981607, upload-time = "2025-11-04T13:41:58.889Z" },
    { url = "https://files.pythonhosted.org/packages/9f/ed/068e41660b832bb0b1aa5b58011dea2a3fe0ba7861ff38c4d4904c1c1a99/pydantic_core-2.41.5-cp314-cp314t-win_arm64.whl", hash = "sha256:35b44f37a3199f771c3eaa53051bc8a70cd7b54f333531c59e29fd4db5d15008", size = 1974769, upload-time = "2025-11-04T13:42:01.186Z" },
]

[[package]]
name = "pygments"
version = "2.19.1"
source = { registry = "https://pypi.org/simple" }
sdist = { url = "https://files.pythonhosted.org/packages/7c/2d/c3338d48ea6cc0feb8446d8e6937e1408088a72a39937982cc6111d17f84/pygments-2.19.1.tar.gz", hash = "sha256:61c16d2a8576dc0649d9f39e089b5f02bcd27fba10d8fb4dcc28173f7a45151f", size = 4968581, upload-time = "2025-01-06T17:26:30.443Z" }
wheels = [
    { url = "https://files.pythonhosted.org/packages/8a/0b/9fcc47d19c48b59121088dd6da2488a49d5f72dacf8262e2790a1d2c7d15/pygments-2.19.1-py3-none-any.whl", hash = "sha256:9ea1544ad55cecf4b8242fab6dd35a93bbce657034b0611ee383099054ab6d8c", size = 1225293, upload-time = "2025-01-06T17:26:25.553Z" },
]

[[package]]
name = "pytest"
version = "8.3.5"
source = { registry = "https://pypi.org/simple" }
dependencies = [
    { name = "colorama", marker = "sys_platform == 'win32'" },
    { name = "iniconfig" },
    { name = "packaging" },
    { name = "pluggy" },
]
sdist = { url = "https://files.pythonhosted.org/packages/ae/3c/c9d525a414d506893f0cd8a8d0de7706446213181570cdbd766691164e40/pytest-8.3.5.tar.gz", hash = "sha256:f4efe70cc14e511565ac476b57c279e12a855b11f48f212af1080ef2263d3845", size = 1450891, upload-time = "2025-03-02T12:54:54.503Z" }
wheels = [
    { url = "https://files.pythonhosted.org/packages/30/3d/64ad57c803f1fa1e963a7946b6e0fea4a70df53c1a7fed304586539c2bac/pytest-8.3.5-py3-none-any.whl", hash = "sha256:c69214aa47deac29fad6c2a4f590b9c4a9fdb16a403176fe154b79c0b4d4d820", size = 343634, upload-time = "2025-03-02T12:54:52.069Z" },
]

[[package]]
name = "pytest-asyncio"
version = "0.26.0"
source = { registry = "https://pypi.org/simple" }
dependencies = [
    { name = "pytest" },
]
sdist = { url = "https://files.pythonhosted.org/packages/8e/c4/453c52c659521066969523e87d85d54139bbd17b78f09532fb8eb8cdb58e/pytest_asyncio-0.26.0.tar.gz", hash = "sha256:c4df2a697648241ff39e7f0e4a73050b03f123f760673956cf0d72a4990e312f", size = 54156, upload-time = "2025-03-25T06:22:28.883Z" }
wheels = [
    { url = "https://files.pythonhosted.org/packages/20/7f/338843f449ace853647ace35870874f69a764d251872ed1b4de9f234822c/pytest_asyncio-0.26.0-py3-none-any.whl", hash = "sha256:7b51ed894f4fbea1340262bdae5135797ebbe21d8638978e35d31c6d19f72fb0", size = 19694, upload-time = "2025-03-25T06:22:27.807Z" },
]

[[package]]
name = "rich"
version = "14.3.2"
source = { registry = "https://pypi.org/simple" }
dependencies = [
    { name = "markdown-it-py" },
    { name = "pygments" },
]
sdist = { url = "https://files.pythonhosted.org/packages/74/99/a4cab2acbb884f80e558b0771e97e21e939c5dfb460f488d19df485e8298/rich-14.3.2.tar.gz", hash = "sha256:e712f11c1a562a11843306f5ed999475f09ac31ffb64281f73ab29ffdda8b3b8", size = 230143, upload-time = "2026-02-01T16:20:47.908Z" }
wheels = [
    { url = "https://files.pythonhosted.org/packages/ef/45/615f5babd880b4bd7d405cc0dc348234c5ffb6ed1ea33e152ede08b2072d/rich-14.3.2-py3-none-any.whl", hash = "sha256:08e67c3e90884651da3239ea668222d19bea7b589149d8014a21c633420dbb69", size = 309963, upload-time = "2026-02-01T16:20:46.078Z" },
]

[[package]]
name = "ruff"
version = "0.11.10"
source = { registry = "https://pypi.org/simple" }
sdist = { url = "https://files.pythonhosted.org/packages/e8/4c/4a3c5a97faaae6b428b336dcca81d03ad04779f8072c267ad2bd860126bf/ruff-0.11.10.tar.gz", hash = "sha256:d522fb204b4959909ecac47da02830daec102eeb100fb50ea9554818d47a5fa6", size = 4165632, upload-time = "2025-05-15T14:08:56.76Z" }
wheels = [
    { url = "https://files.pythonhosted.org/packages/2f/9f/596c628f8824a2ce4cd12b0f0b4c0629a62dfffc5d0f742c19a1d71be108/ruff-0.11.10-py3-none-linux_armv6l.whl", hash = "sha256:859a7bfa7bc8888abbea31ef8a2b411714e6a80f0d173c2a82f9041ed6b50f58", size = 10316243, upload-time = "2025-05-15T14:08:12.884Z" },
    { url = "https://files.pythonhosted.org/packages/3c/38/c1e0b77ab58b426f8c332c1d1d3432d9fc9a9ea622806e208220cb133c9e/ruff-0.11.10-py3-none-macosx_10_12_x86_64.whl", hash = "sha256:968220a57e09ea5e4fd48ed1c646419961a0570727c7e069842edd018ee8afed", size = 11083636, upload-time = "2025-05-15T14:08:16.551Z" },
    { url = "https://files.pythonhosted.org/packages/23/41/b75e15961d6047d7fe1b13886e56e8413be8467a4e1be0a07f3b303cd65a/ruff-0.11.10-py3-none-macosx_11_0_arm64.whl", hash = "sha256:1067245bad978e7aa7b22f67113ecc6eb241dca0d9b696144256c3a879663bca", size = 10441624, upload-time = "2025-05-15T14:08:19.032Z" },
    { url = "https://files.pythonhosted.org/packages/b6/2c/e396b6703f131406db1811ea3d746f29d91b41bbd43ad572fea30da1435d/ruff-0.11.10-py3-none-manylinux_2_17_aarch64.manylinux2014_aarch64.whl", hash = "sha256:f4854fd09c7aed5b1590e996a81aeff0c9ff51378b084eb5a0b9cd9518e6cff2", size = 10624358, upload-time = "2025-05-15T14:08:21.542Z" },
    { url = "https://files.pythonhosted.org/packages/bd/8c/ee6cca8bdaf0f9a3704796022851a33cd37d1340bceaf4f6e991eb164e2e/ruff-0.11.10-py3-none-manylinux_2_17_armv7l.manylinux2014_armv7l.whl", hash = "sha256:8b4564e9f99168c0f9195a0fd5fa5928004b33b377137f978055e40008a082c5", size = 10176850, upload-time = "2025-05-15T14:08:23.682Z" },
    { url = "https://files.pythonhosted.org/packages/e9/ce/4e27e131a434321b3b7c66512c3ee7505b446eb1c8a80777c023f7e876e6/ruff-0.11.10-py3-none-manylinux_2_17_i686.manylinux2014_i686.whl", hash = "sha256:5b6a9cc5b62c03cc1fea0044ed8576379dbaf751d5503d718c973d5418483641", size = 11759787, upload-time = "2025-05-15T14:08:25.733Z" },
    { url = "https://files.pythonhosted.org/packages/58/de/1e2e77fc72adc7cf5b5123fd04a59ed329651d3eab9825674a9e640b100b/ruff-0.11.10-py3-none-manylinux_2_17_ppc64.manylinux2014_ppc64.whl", hash = "sha256:607ecbb6f03e44c9e0a93aedacb17b4eb4f3563d00e8b474298a201622677947", size = 12430479, upload-time = "2025-05-15T14:08:28.013Z" },
    { url = "https://files.pythonhosted.org/packages/07/ed/af0f2340f33b70d50121628ef175523cc4c37619e98d98748c85764c8d88/ruff-0.11.10-py3-none-manylinux_2_17_ppc64le.manylinux2014_ppc64le.whl", hash = "sha256:7b3a522fa389402cd2137df9ddefe848f727250535c70dafa840badffb56b7a4", size = 11919760, upload-time = "2025-05-15T14:08:30.956Z" },
    { url = "https://files.pythonhosted.org/packages/24/09/d7b3d3226d535cb89234390f418d10e00a157b6c4a06dfbe723e9322cb7d/ruff-0.11.10-py3-none-manylinux_2_17_s390x.manylinux2014_s390x.whl", hash = "sha256:2f071b0deed7e9245d5820dac235cbdd4ef99d7b12ff04c330a241ad3534319f", size = 14041747, upload-time = "2025-05-15T14:08:33.297Z" },
    { url = "https://files.pythonhosted.org/packages/62/b3/a63b4e91850e3f47f78795e6630ee9266cb6963de8f0191600289c2bb8f4/ruff-0.11.10-py3-none-manylinux_2_17_x86_64.manylinux2014_x86_64.whl", hash = "sha256:4a60e3a0a617eafba1f2e4186d827759d65348fa53708ca547e384db28406a0b", size = 11550657, upload-time = "2025-05-15T14:08:35.639Z" },
    { url = "https://files.pythonhosted.org/packages/46/63/a4f95c241d79402ccdbdb1d823d156c89fbb36ebfc4289dce092e6c0aa8f/ruff-0.11.10-py3-none-musllinux_1_2_aarch64.whl", hash = "sha256:da8ec977eaa4b7bf75470fb575bea2cb41a0e07c7ea9d5a0a97d13dbca697bf2", size = 10489671, upload-time = "2025-05-15T14:08:38.437Z" },
    { url = "https://files.pythonhosted.org/packages/6a/9b/c2238bfebf1e473495659c523d50b1685258b6345d5ab0b418ca3f010cd7/ruff-0.11.10-py3-none-musllinux_1_2_armv7l.whl", hash = "sha256:ddf8967e08227d1bd95cc0851ef80d2ad9c7c0c5aab1eba31db49cf0a7b99523", size = 10160135, upload-time = "2025-05-15T14:08:41.247Z" },
    { url = "https://files.pythonhosted.org/packages/ba/ef/ba7251dd15206688dbfba7d413c0312e94df3b31b08f5d695580b755a899/ruff-0.11.10-py3-none-musllinux_1_2_i686.whl", hash = "sha256:5a94acf798a82db188f6f36575d80609072b032105d114b0f98661e1679c9125", size = 11170179, upload-time = "2025-05-15T14:08:43.762Z" },
    { url = "https://files.pythonhosted.org/packages/73/9f/5c336717293203ba275dbfa2ea16e49b29a9fd9a0ea8b6febfc17e133577/ruff-0.11.10-py3-none-musllinux_1_2_x86_64.whl", hash = "sha256:3afead355f1d16d95630df28d4ba17fb2cb9c8dfac8d21ced14984121f639bad", size = 11626021, upload-time = "2025-05-15T14:08:46.451Z" },
    { url = "https://files.pythonhosted.org/packages/d9/2b/162fa86d2639076667c9aa59196c020dc6d7023ac8f342416c2f5ec4bda0/ruff-0.11.10-py3-none-win32.whl", hash = "sha256:dc061a98d32a97211af7e7f3fa1d4ca2fcf919fb96c28f39551f35fc55bdbc19", size = 10494958, upload-time = "2025-05-15T14:08:49.601Z" },
    { url = "https://files.pythonhosted.org/packages/24/f3/66643d8f32f50a4b0d09a4832b7d919145ee2b944d43e604fbd7c144d175/ruff-0.11.10-py3-none-win_amd64.whl", hash = "sha256:5cc725fbb4d25b0f185cb42df07ab6b76c4489b4bfb740a175f3a59c70e8a224", size = 11650285, upload-time = "2025-05-15T14:08:52.392Z" },
    { url = "https://files.pythonhosted.org/packages/95/3a/2e8704d19f376c799748ff9cb041225c1d59f3e7711bc5596c8cfdc24925/ruff-0.11.10-py3-none-win_arm64.whl", hash = "sha256:ef69637b35fb8b210743926778d0e45e1bffa850a7c61e428c6b971549b5f5d1", size = 10765278, upload-time = "2025-05-15T14:08:54.56Z" },
]

[[package]]
name = "temp-name"
version = "0.0.0"
source = { editable = "." }
dependencies = [
    { name = "pydantic" },
    { name = "rich" },
    { name = "whenever" },
]

[package.optional-dependencies]
dev = [
    { name = "prek" },
    { name = "pytest" },
    { name = "pytest-asyncio" },
    { name = "ruff" },
    { name = "ty" },
]

[package.dev-dependencies]
dev = [
    { name = "prek" },
    { name = "ty" },
]

[package.metadata]
requires-dist = [
    { name = "prek", marker = "extra == 'dev'", specifier = ">=0.3.1" },
    { name = "pydantic", specifier = ">=2.12.5" },
    { name = "pytest", marker = "extra == 'dev'", specifier = ">=8.3.4" },
    { name = "pytest-asyncio", marker = "extra == 'dev'", specifier = ">=0.24.0" },
    { name = "rich", specifier = ">=14.3.2" },
    { name = "ruff", marker = "extra == 'dev'", specifier = ">=0.9.3" },
    { name = "ty", marker = "extra == 'dev'", specifier = ">=0.0.15" },
    { name = "whenever", specifier = ">=0.9.5" },
]
provides-extras = ["dev"]

[package.metadata.requires-dev]
dev = [
    { name = "prek", specifier = ">=0.3.1" },
    { name = "ty", specifier = ">=0.0.15" },
]

[[package]]
name = "ty"
version = "0.0.15"
source = { registry = "https://pypi.org/simple" }
sdist = { url = "https://files.pythonhosted.org/packages/4e/25/257602d316b9333089b688a7a11b33ebc660b74e8dacf400dc3dfdea1594/ty-0.0.15.tar.gz", hash = "sha256:4f9a5b8df208c62dba56e91b93bed8b5bb714839691b8cff16d12c983bfa1174", size = 5101936, upload-time = "2026-02-05T01:06:34.922Z" }
wheels = [
    { url = "https://files.pythonhosted.org/packages/ce/c5/35626e732b79bf0e6213de9f79aff59b5f247c0a1e3ce0d93e675ab9b728/ty-0.0.15-py3-none-linux_armv6l.whl", hash = "sha256:68e092458516c61512dac541cde0a5e4e5842df00b4e81881ead8f745ddec794", size = 10138374, upload-time = "2026-02-05T01:07:03.804Z" },
    { url = "https://files.pythonhosted.org/packages/d5/8a/48fd81664604848f79d03879b3ca3633762d457a069b07e09fb1b87edd6e/ty-0.0.15-py3-none-macosx_10_12_x86_64.whl", hash = "sha256:79f2e75289eae3cece94c51118b730211af4ba5762906f52a878041b67e54959", size = 9947858, upload-time = "2026-02-05T01:06:47.453Z" },
    { url = "https://files.pythonhosted.org/packages/b6/85/c1ac8e97bcd930946f4c94db85b675561d590b4e72703bf3733419fc3973/ty-0.0.15-py3-none-macosx_11_0_arm64.whl", hash = "sha256:112a7b26e63e48cc72c8c5b03227d1db280cfa57a45f2df0e264c3a016aa8c3c", size = 9443220, upload-time = "2026-02-05T01:06:44.98Z" },
    { url = "https://files.pythonhosted.org/packages/3c/d9/244bc02599d950f7a4298fbc0c1b25cc808646b9577bdf7a83470b2d1cec/ty-0.0.15-py3-none-manylinux_2_17_aarch64.manylinux2014_aarch64.whl", hash = "sha256:71f62a2644972975a657d9dc867bf901235cde51e8d24c20311067e7afd44a56", size = 9949976, upload-time = "2026-02-05T01:07:01.515Z" },
    { url = "https://files.pythonhosted.org/packages/7e/ab/3a0daad66798c91a33867a3ececf17d314ac65d4ae2bbbd28cbfde94da63/ty-0.0.15-py3-none-manylinux_2_17_armv7l.manylinux2014_armv7l.whl", hash = "sha256:9e48b42be2d257317c85b78559233273b655dd636fc61e7e1d69abd90fd3cba4", size = 9965918, upload-time = "2026-02-05T01:06:54.283Z" },
    { url = "https://files.pythonhosted.org/packages/39/4e/e62b01338f653059a7c0cd09d1a326e9a9eedc351a0f0de9db0601658c3d/ty-0.0.15-py3-none-manylinux_2_17_i686.manylinux2014_i686.whl", hash = "sha256:27dd5b52a421e6871c5bfe9841160331b60866ed2040250cb161886478ab3e4f", size = 10424943, upload-time = "2026-02-05T01:07:08.777Z" },
    { url = "https://files.pythonhosted.org/packages/65/b5/7aa06655ce69c0d4f3e845d2d85e79c12994b6d84c71699cfb437e0bc8cf/ty-0.0.15-py3-none-manylinux_2_17_ppc64le.manylinux2014_ppc64le.whl", hash = "sha256:76b85c9ec2219e11c358a7db8e21b7e5c6674a1fb9b6f633836949de98d12286", size = 10964692, upload-time = "2026-02-05T01:06:37.103Z" },
    { url = "https://files.pythonhosted.org/packages/13/04/36fdfe1f3c908b471e246e37ce3d011175584c26d3853e6c5d9a0364564c/ty-0.0.15-py3-none-manylinux_2_17_s390x.manylinux2014_s390x.whl", hash = "sha256:a9e8204c61d8ede4f21f2975dce74efdb80fafb2fae1915c666cceb33ea3c90b", size = 10692225, upload-time = "2026-02-05T01:06:49.714Z" },
    { url = "https://files.pythonhosted.org/packages/13/41/5bf882649bd8b64ded5fbce7fb8d77fb3b868de1a3b1a6c4796402b47308/ty-0.0.15-py3-none-manylinux_2_17_x86_64.manylinux2014_x86_64.whl", hash = "sha256:af87c3be7c944bb4d6609d6c63e4594944b0028c7bd490a525a82b88fe010d6d", size = 10516776, upload-time = "2026-02-05T01:06:52.047Z" },
    { url = "https://files.pythonhosted.org/packages/56/75/66852d7e004f859839c17ffe1d16513c1e7cc04bcc810edb80ca022a9124/ty-0.0.15-py3-none-musllinux_1_2_aarch64.whl", hash = "sha256:50dccf7398505e5966847d366c9e4c650b8c225411c2a68c32040a63b9521eea", size = 9928828, upload-time = "2026-02-05T01:06:56.647Z" },
    { url = "https://files.pythonhosted.org/packages/65/72/96bc16c7b337a3ef358fd227b3c8ef0c77405f3bfbbfb59ee5915f0d9d71/ty-0.0.15-py3-none-musllinux_1_2_armv7l.whl", hash = "sha256:bd797b8f231a4f4715110259ad1ad5340a87b802307f3e06d92bfb37b858a8f3", size = 9978960, upload-time = "2026-02-05T01:06:29.567Z" },
    { url = "https://files.pythonhosted.org/packages/a0/18/d2e316a35b626de2227f832cd36d21205e4f5d96fd036a8af84c72ecec1b/ty-0.0.15-py3-none-musllinux_1_2_i686.whl", hash = "sha256:9deb7f20e18b25440a9aa4884f934ba5628ef456dbde91819d5af1a73da48af3", size = 10135903, upload-time = "2026-02-05T01:06:59.256Z" },
    { url = "https://files.pythonhosted.org/packages/02/d3/b617a79c9dad10c888d7c15cd78859e0160b8772273637b9c4241a049491/ty-0.0.15-py3-none-musllinux_1_2_x86_64.whl", hash = "sha256:7b31b3de031255b90a5f4d9cb3d050feae246067c87130e5a6861a8061c71754", size = 10615879, upload-time = "2026-02-05T01:07:06.661Z" },
    { url = "https://files.pythonhosted.org/packages/fb/b0/2652a73c71c77296a6343217063f05745da60c67b7e8a8e25f2064167fce/ty-0.0.15-py3-none-win32.whl", hash = "sha256:9362c528ceb62c89d65c216336d28d500bc9f4c10418413f63ebc16886e16cc1", size = 9578058, upload-time = "2026-02-05T01:06:42.928Z" },
    { url = "https://files.pythonhosted.org/packages/84/6e/08a4aedebd2a6ce2784b5bc3760e43d1861f1a184734a78215c2d397c1df/ty-0.0.15-py3-none-win_amd64.whl", hash = "sha256:4db040695ae67c5524f59cb8179a8fa277112e69042d7dfdac862caa7e3b0d9c", size = 10457112, upload-time = "2026-02-05T01:06:39.885Z" },
    { url = "https://files.pythonhosted.org/packages/b3/be/1991f2bc12847ae2d4f1e3ac5dcff8bb7bc1261390645c0755bb55616355/ty-0.0.15-py3-none-win_arm64.whl", hash = "sha256:e5a98d4119e77d6136461e16ae505f8f8069002874ab073de03fbcb1a5e8bf25", size = 9937490, upload-time = "2026-02-05T01:06:32.388Z" },
]

[[package]]
name = "typing-extensions"
version = "4.15.0"
source = { registry = "https://pypi.org/simple" }
sdist = { url = "https://files.pythonhosted.org/packages/72/94/1a15dd82efb362ac84269196e94cf00f187f7ed21c242792a923cdb1c61f/typing_extensions-4.15.0.tar.gz", hash = "sha256:0cea48d173cc12fa28ecabc3b837ea3cf6f38c6d1136f85cbaaf598984861466", size = 109391, upload-time = "2025-08-25T13:49:26.313Z" }
wheels = [
    { url = "https://files.pythonhosted.org/packages/18/67/36e9267722cc04a6b9f15c7f3441c2363321a3ea07da7ae0c0707beb2a9c/typing_extensions-4.15.0-py3-none-any.whl", hash = "sha256:f0fa19c6845758ab08074a0cfa8b7aecb71c999ca73d62883bc25cc018c4e548", size = 44614, upload-time = "2025-08-25T13:49:24.86Z" },
]

[[package]]
name = "typing-inspection"
version = "0.4.2"
source = { registry = "https://pypi.org/simple" }
dependencies = [
    { name = "typing-extensions" },
]
sdist = { url = "https://files.pythonhosted.org/packages/55/e3/70399cb7dd41c10ac53367ae42139cf4b1ca5f36bb3dc6c9d33acdb43655/typing_inspection-0.4.2.tar.gz", hash = "sha256:ba561c48a67c5958007083d386c3295464928b01faa735ab8547c5692e87f464", size = 75949, upload-time = "2025-10-01T02:14:41.687Z" }
wheels = [
    { url = "https://files.pythonhosted.org/packages/dc/9b/47798a6c91d8bdb567fe2698fe81e0c6b7cb7ef4d13da4114b41d239f65d/typing_inspection-0.4.2-py3-none-any.whl", hash = "sha256:4ed1cacbdc298c220f1bd249ed5287caa16f34d44ef4e9c3d0cbad5b521545e7", size = 14611, upload-time = "2025-10-01T02:14:40.154Z" },
]

[[package]]
name = "tzdata"
version = "2025.2"
source = { registry = "https://pypi.org/simple" }
sdist = { url = "https://files.pythonhosted.org/packages/95/32/1a225d6164441be760d75c2c42e2780dc0873fe382da3e98a2e1e48361e5/tzdata-2025.2.tar.gz", hash = "sha256:b60a638fcc0daffadf82fe0f57e53d06bdec2f36c4df66280ae79bce6bd6f2b9", size = 196380, upload-time = "2025-03-23T13:54:43.652Z" }
wheels = [
    { url = "https://files.pythonhosted.org/packages/5c/23/c7abc0ca0a1526a0774eca151daeb8de62ec457e77262b66b359c3c7679e/tzdata-2025.2-py2.py3-none-any.whl", hash = "sha256:1a403fada01ff9221ca8044d701868fa132215d84beb92242d9acd2147f667a8", size = 347839, upload-time = "2025-03-23T13:54:41.845Z" },
]

[[package]]
name = "tzlocal"
version = "5.3.1"
source = { registry = "https://pypi.org/simple" }
dependencies = [
    { name = "tzdata", marker = "sys_platform == 'win32'" },
]
sdist = { url = "https://files.pythonhosted.org/packages/8b/2e/c14812d3d4d9cd1773c6be938f89e5735a1f11a9f184ac3639b93cef35d5/tzlocal-5.3.1.tar.gz", hash = "sha256:cceffc7edecefea1f595541dbd6e990cb1ea3d19bf01b2809f362a03dd7921fd", size = 30761, upload-time = "2025-03-05T21:17:41.549Z" }
wheels = [
    { url = "https://files.pythonhosted.org/packages/c2/14/e2a54fabd4f08cd7af1c07030603c3356b74da07f7cc056e600436edfa17/tzlocal-5.3.1-py3-none-any.whl", hash = "sha256:eb1a66c3ef5847adf7a834f1be0800581b683b5608e74f86ecbcef8ab91bb85d", size = 18026, upload-time = "2025-03-05T21:17:39.857Z" },
]

[[package]]
name = "whenever"
version = "0.9.5"
source = { registry = "https://pypi.org/simple" }
dependencies = [
    { name = "tzdata", marker = "sys_platform == 'win32'" },
    { name = "tzlocal", marker = "sys_platform != 'darwin' and sys_platform != 'linux'" },
]
sdist = { url = "https://files.pythonhosted.org/packages/cd/9a/6b12d5708a703010877bec0efc5172ae8a851516abc13cd4543ce4d02a20/whenever-0.9.5.tar.gz", hash = "sha256:9d8f2fbc70acdab98a99b81a2ac594ebd4cc68d5b3506b990729a5f0b04d0083", size = 259436, upload-time = "2026-01-11T19:47:51.608Z" }
wheels = [
    { url = "https://files.pythonhosted.org/packages/d7/e4/5e78fc3b8a2bc84e0f055a89a9f4eabc06bc435463ea112265e1e73592f5/whenever-0.9.5-cp314-cp314-macosx_10_12_x86_64.whl", hash = "sha256:e381120682f6675cccbcba13b4c88b033f31167f820c161936fa99556e455f03", size = 468861, upload-time = "2026-01-11T19:47:24.176Z" },
    { url = "https://files.pythonhosted.org/packages/e8/a3/bd597dff8c82b2a1568813015ff25f3df2b6817872c8061176f04e3aad0f/whenever-0.9.5-cp314-cp314-macosx_11_0_arm64.whl", hash = "sha256:caa7be36a609d765b9ea1c49159c446521b6ac33ff60b67214aa019713e05dda", size = 441322, upload-time = "2026-01-11T19:47:14.184Z" },
    { url = "https://files.pythonhosted.org/packages/82/3c/fcb3a85cfdc12783c22d44640be538f78bcc3946cc3fb454139cdaebd119/whenever-0.9.5-cp314-cp314-manylinux_2_17_aarch64.manylinux2014_aarch64.whl", hash = "sha256:037fd64e27df6116c3ffe8e96cdb6562051b0eda3f0bc7c35068fe642a913da9", size = 455230, upload-time = "2026-01-11T19:45:32.978Z" },
    { url = "https://files.pythonhosted.org/packages/e9/17/83c83dddb55f7576f3748b077774d2bd8521bc2220bd2fa6f711ad8f046e/whenever-0.9.5-cp314-cp314-manylinux_2_17_armv7l.manylinux2014_armv7l.whl", hash = "sha256:5c864363a2ff97c0b661915112140b9229132586d035ee4989cbe914aa3e3df4", size = 499473, upload-time = "2026-01-11T19:45:52.257Z" },
    { url = "https://files.pythonhosted.org/packages/07/11/406d26cf641ef9e3cdd0f11237a2a49b06f225c5f57257850a2e101c8760/whenever-0.9.5-cp314-cp314-manylinux_2_17_ppc64le.manylinux2014_ppc64le.whl", hash = "sha256:e3d2c3f7bc9ceaef7d58fb40f0a4602a1947691eac1bff2623d2f923d4374543", size = 488680, upload-time = "2026-01-11T19:46:12.382Z" },
    { url = "https://files.pythonhosted.org/packages/b5/15/7d85e7f5710fc4dfaec830da0b069791ca6b7108939ab06a0440cfd11f7a/whenever-0.9.5-cp314-cp314-manylinux_2_17_s390x.manylinux2014_s390x.whl", hash = "sha256:ce45c364734e63a459b3b816f1ce159bb4d4f570faa2b0fa504d6d329dd654a3", size = 522715, upload-time = "2026-01-11T19:46:22.835Z" },
    { url = "https://files.pythonhosted.org/packages/3f/53/ec6eb7d71624437571ed22c9fbfa7c8532b6868c94138e0775f61c69101c/whenever-0.9.5-cp314-cp314-manylinux_2_17_x86_64.manylinux2014_x86_64.whl", hash = "sha256:c8fc8e6e500f60299be739e19ffb830b2d9f50da017e14cd832b31f31ee93166", size = 484518, upload-time = "2026-01-11T19:46:51.971Z" },
    { url = "https://files.pythonhosted.org/packages/17/48/220d4a7335d91face9e5c16ec5228ad454ff58cfb3713c291c90d54b3e84/whenever-0.9.5-cp314-cp314-manylinux_2_5_i686.manylinux1_i686.whl", hash = "sha256:b422bb8651f094f4420749f4c0d72287121480a495c6d247035bd52a72c4586c", size = 522611, upload-time = "2026-01-11T19:46:32.224Z" },
    { url = "https://files.pythonhosted.org/packages/be/fd/d1b270585f459f469af7c08e03ba2bcfe058449162354bf809e671ccfb1e/whenever-0.9.5-cp314-cp314-musllinux_1_2_aarch64.whl", hash = "sha256:87635742acdd0adbbed62c6ed2ec4a49e25b1e3c7374f13f39d2c5f9229ae24f", size = 638421, upload-time = "2026-01-11T19:45:42.843Z" },
    { url = "https://files.pythonhosted.org/packages/2f/0c/7fc33cdb8da7d2b14cd7129f37b48c1aa91644eabc07780333979bdf15f6/whenever-0.9.5-cp314-cp314-musllinux_1_2_armv7l.whl", hash = "sha256:1ae39fff83ad73ec563db65707e5bde1e74b350bf4309cfb265d527a6cd222c6", size = 770967, upload-time = "2026-01-11T19:46:01.614Z" },
    { url = "https://files.pythonhosted.org/packages/fc/39/a379dcf478136619050cee1ed789a9bdb0a6537fe8c43b23ea832e38c8ce/whenever-0.9.5-cp314-cp314-musllinux_1_2_i686.whl", hash = "sha256:ae5b01eb93c3ad703d7870d9e6566c389b889e97d7efec30c73abf64aa95b47f", size = 735292, upload-time = "2026-01-11T19:46:41.75Z" },
    { url = "https://files.pythonhosted.org/packages/09/a7/139ac3b81239f1d6275e8eb792c52a48adc6ba303b7e0c9d8ca405a86c76/whenever-0.9.5-cp314-cp314-musllinux_1_2_x86_64.whl", hash = "sha256:5e278daa1e650958f9ba7084b1c3c245444acf3e30db9cca5141658347a7c67d", size = 697998, upload-time = "2026-01-11T19:47:02.681Z" },
    { url = "https://files.pythonhosted.org/packages/2e/37/141041e40f76dd530183c715faae1d8b21e47867fe159b8b88c4960eae2d/whenever-0.9.5-cp314-cp314-win32.whl", hash = "sha256:1b62c62a00bd93e51f71d231aef3178f1c22566b2818c190e755c96fd939b91a", size = 418248, upload-time = "2026-01-11T19:47:34.855Z" },
    { url = "https://files.pythonhosted.org/packages/4b/7b/c86657bec1a679042c239a247bc3e6a92f3acc53ec858d13c1e770777f41/whenever-0.9.5-cp314-cp314-win_amd64.whl", hash = "sha256:483c2736ce367dbda01133700b064dfa8b6ed24833fc984e1d767e81aa02a189", size = 442418, upload-time = "2026-01-11T19:47:45.727Z" },
    { url = "https://files.pythonhosted.org/packages/55/3b/2d37c3438214a1bf6caddddf825d5ff86e6cfcdf91a41fa1175334a2bab0/whenever-0.9.5-cp314-cp314t-macosx_10_12_x86_64.whl", hash = "sha256:7644b6c35f9c1fa7b7f6cb03bf5764207374bf3e2049cb49e7578648b0d27dd9", size = 468132, upload-time = "2026-01-11T19:47:25.341Z" },
    { url = "https://files.pythonhosted.org/packages/ba/0d/284336cf592107ee65c61030f1ca9717214365661d642aadf9fbce38bf8d/whenever-0.9.5-cp314-cp314t-macosx_11_0_arm64.whl", hash = "sha256:be31d5799b49e593da413cddc73728a51d0e80461262c7a4ed66b95819a69016", size = 438449, upload-time = "2026-01-11T19:47:15.283Z" },
    { url = "https://files.pythonhosted.org/packages/5a/50/a13b1869b06a8838fab79e31707bf882f836764dcf1260ce170c1084011b/whenever-0.9.5-cp314-cp314t-manylinux_2_17_aarch64.manylinux2014_aarch64.whl", hash = "sha256:6691e1157026773354c77771cd72db727bbd0ee36121cd139cf16f03cddc1699", size = 452750, upload-time = "2026-01-11T19:45:34.047Z" },
    { url = "https://files.pythonhosted.org/packages/79/9d/3b9006df1289c78a2e3b8bdd6498430ffee57cb851c938a9da9a7f2ca11d/whenever-0.9.5-cp314-cp314t-manylinux_2_17_armv7l.manylinux2014_armv7l.whl", hash = "sha256:e7e31f4bb592cdd433dde40acef83f968b89178b42169724e0b200a318536c4f", size = 497651, upload-time = "2026-01-11T19:45:53.477Z" },
    { url = "https://files.pythonhosted.org/packages/c3/94/6e66e55649ed8c2e742ca3284e3dd158b0cb3d1272fc7bacc5b0938eba12/whenever-0.9.5-cp314-cp314t-manylinux_2_17_ppc64le.manylinux2014_ppc64le.whl", hash = "sha256:9f8100609213040dda06e1d078bc43768d5d16dbaabfa75b13c5adb5189056be", size = 488006, upload-time = "2026-01-11T19:46:13.624Z" },
    { url = "https://files.pythonhosted.org/packages/c2/62/5c0bea83a518f3a76377400bdc29215d2f964be4d1bc8d3886f91824a4cc/whenever-0.9.5-cp314-cp314t-manylinux_2_17_s390x.manylinux2014_s390x.whl", hash = "sha256:38c415a27661f830320c96f3cf6af99ea96b712c9c3a14975ff8c34263d125c6", size = 521517, upload-time = "2026-01-11T19:46:23.874Z" },
    { url = "https://files.pythonhosted.org/packages/80/0a/e93c2ccfb993d5ac1434913d9a2cea2e79d93affbbec06942c748d04681f/whenever-0.9.5-cp314-cp314t-manylinux_2_17_x86_64.manylinux2014_x86_64.whl", hash = "sha256:cee6fce59f948dd30c01107d55d40d2c035c6dfd3005c49d535e10175832601c", size = 483401, upload-time = "2026-01-11T19:46:53.531Z" },
    { url = "https://files.pythonhosted.org/packages/4d/05/d142ca3b56a1012082d0d2b71f9e9e1b9b42ba266d92294f841cb7acc07e/whenever-0.9.5-cp314-cp314t-manylinux_2_5_i686.manylinux1_i686.whl", hash = "sha256:ef181122ffcef41551d5eef483bf12ea48d1115554911a674e404e640ef0fd26", size = 520096, upload-time = "2026-01-11T19:46:33.746Z" },
    { url = "https://files.pythonhosted.org/packages/ca/b9/53a3ebb2c44e7215fa8c6720361a5c78891538f9c934935ffbf508801aae/whenever-0.9.5-cp314-cp314t-musllinux_1_2_aarch64.whl", hash = "sha256:e4970bc5c37d4fff22e299314bebebb2d1a88133a67a51f87013dad0ac6535fb", size = 637251, upload-time = "2026-01-11T19:45:43.849Z" },
    { url = "https://files.pythonhosted.org/packages/ea/17/4f15ae9977972a7b8cd2819c4f03b63884416e4064d6d7366164cd6093f4/whenever-0.9.5-cp314-cp314t-musllinux_1_2_armv7l.whl", hash = "sha256:db8043800bd6eba7e681a316cba3734c8d10dad044b4a0dcf5fb0129665902ce", size = 769681, upload-time = "2026-01-11T19:46:03.041Z" },
    { url = "https://files.pythonhosted.org/packages/a0/a5/280dd222b31f478cef551f0d6554ab224e436b7b4ba1456d3cad864de756/whenever-0.9.5-cp314-cp314t-musllinux_1_2_i686.whl", hash = "sha256:067235cd1be14f709219eae4e6ae639ec19418e7860d1be1e59c5e4bd9cb3542", size = 732487, upload-time = "2026-01-11T19:46:43.395Z" },
    { url = "https://files.pythonhosted.org/packages/8d/33/d2bed59cfe7cf358e78bfa26bad4414a0a3d99c6aa5e5b76aea448661bae/whenever-0.9.5-cp314-cp314t-musllinux_1_2_x86_64.whl", hash = "sha256:81556be508452f5fe7d7e7837718ff91ddb16089a705febe178fa8baabc99236", size = 696906, upload-time = "2026-01-11T19:47:03.814Z" },
    { url = "https://files.pythonhosted.org/packages/36/4a/b27b182fdf24c9760a91481c6b97d9f536a15f6bc7c33d750eccaa245670/whenever-0.9.5-cp314-cp314t-win32.whl", hash = "sha256:681c9f4d322182df28037a33f0d4eadf7577fcd590130f7a5d23763a86ab5687", size = 417599, upload-time = "2026-01-11T19:47:36.201Z" },
    { url = "https://files.pythonhosted.org/packages/6d/93/712f65c4fc3c188b0c163cd650cb04a46f993a22d1ad3f66a3e4a42a39f8/whenever-0.9.5-cp314-cp314t-win_amd64.whl", hash = "sha256:37242c895078bb1bfc26bea460f6d92dc5bdfe4a59e95a4f9e01f99b90f0157e", size = 440654, upload-time = "2026-01-11T19:47:46.924Z" },
    { url = "https://files.pythonhosted.org/packages/91/fb/1b112af72e5a2b5ac66b5a6a478cc220117224c1481a2b1a35e87222a791/whenever-0.9.5-py3-none-any.whl", hash = "sha256:cc600303e703d57cc42c5db1c81bbc3becb8ef6fde5c46aee5d68c292239fc4b", size = 64873, upload-time = "2026-01-11T19:47:49.585Z" },
]
